// !$*UTF8*$!
{
	archiveVersion = 1;
	classes = {
	};
	objectVersion = 46;
	objects = {

/* Begin PBXGroup section */
		B3DC4A481CB885E700ABAF34 = {
			isa = PBXGroup;
			children = (
			);
			sourceTree = "<group>";
		};
/* End PBXGroup section */

/* Begin PBXProject section */
		B3DC4A491CB885E700ABAF34 /* Project object */ = {
			isa = PBXProject;
			attributes = {
				LastUpgradeCheck = 0730;
			};
			buildConfigurationList = B3DC4A4C1CB885E700ABAF34 /* Build configuration list for PBXProject "OpenCLXcode" */;
			compatibilityVersion = "Xcode 3.2";
			developmentRegion = English;
			hasScannedForEncodings = 0;
			knownRegions = (
				en,
			);
			mainGroup = B3DC4A481CB885E700ABAF34;
			projectDirPath = "";
			projectRoot = "";
			targets = (
			);
		};
/* End PBXProject section */

/* Begin XCBuildConfiguration section */
		B3DC4A4D1CB885E700ABAF34 /* Debug */ = {
			isa = XCBuildConfiguration;
			buildSettings = {
			};
			name = Debug;
		};
		B3DC4A4E1CB885E700ABAF34 /* Release */ = {
			isa = XCBuildConfiguration;
			buildSettings = {
			};
			name = Release;
		};
/* End XCBuildConfiguration section */

/* Begin XCConfigurationList section */
		B3DC4A4C1CB885E700ABAF34 /* Build configuration list for PBXProject "OpenCLXcode" */ = {
			isa = XCConfigurationList;
			buildConfigurations = (
				B3DC4A4D1CB885E700ABAF34 /* Debug */,
				B3DC4A4E1CB885E700ABAF34 /* Release */,
			);
			defaultConfigurationIsVisible = 0;
			defaultConfigurationName = Release;
		};
/* End XCConfigurationList section */
	};
	rootObject = B3DC4A491CB885E700ABAF34 /* Project object */;
}
